// !$*UTF8*$!
{
	archiveVersion = 1;
	classes = {
	};
	objectVersion = 46;
	objects = {

/* Begin PBXBuildFile section */
		5382B9461C05C334006AA0D6 /* main.m in Sources */ = {isa = PBXBuildFile; fileRef = 5382B9451C05C334006AA0D6 /* main.m */; };
		5382B9491C05C334006AA0D6 /* AppDelegate.m in Sources */ = {isa = PBXBuildFile; fileRef = 5382B9481C05C334006AA0D6 /* AppDelegate.m */; };
		5382B94C1C05C334006AA0D6 /* ViewController.m in Sources */ = {isa = PBXBuildFile; fileRef = 5382B94B1C05C334006AA0D6 /* ViewController.m */; };
		5382B94F1C05C334006AA0D6 /* Main.storyboard in Resources */ = {isa = PBXBuildFile; fileRef = 5382B94D1C05C334006AA0D6 /* Main.storyboard */; };
		5382B9511C05C334006AA0D6 /* Assets.xcassets in Resources */ = {isa = PBXBuildFile; fileRef = 5382B9501C05C334006AA0D6 /* Assets.xcassets */; };
		5382B9541C05C334006AA0D6 /* LaunchScreen.storyboard in Resources */ = {isa = PBXBuildFile; fileRef = 5382B9521C05C334006AA0D6 /* LaunchScreen.storyboard */; };
		5382B95F1C05C334006AA0D6 /* ZonnexionsTests.m in Sources */ = {isa = PBXBuildFile; fileRef = 5382B95E1C05C334006AA0D6 /* ZonnexionsTests.m */; };
		5382B96A1C05C334006AA0D6 /* ZonnexionsUITests.m in Sources */ = {isa = PBXBuildFile; fileRef = 5382B9691C05C334006AA0D6 /* ZonnexionsUITests.m */; };
/* End PBXBuildFile section */

/* Begin PBXContainerItemProxy section */
		5382B95B1C05C334006AA0D6 /* PBXContainerItemProxy */ = {
			isa = PBXContainerItemProxy;
			containerPortal = 5382B9391C05C334006AA0D6 /* Project object */;
			proxyType = 1;
			remoteGlobalIDString = 5382B9401C05C334006AA0D6;
			remoteInfo = Zonnexions;
		};
		5382B9661C05C334006AA0D6 /* PBXContainerItemProxy */ = {
			isa = PBXContainerItemProxy;
			containerPortal = 5382B9391C05C334006AA0D6 /* Project object */;
			proxyType = 1;
			remoteGlobalIDString = 5382B9401C05C334006AA0D6;
			remoteInfo = Zonnexions;
		};
/* End PBXContainerItemProxy section */

/* Begin PBXFileReference section */
		5382B9411C05C334006AA0D6 /* Zonnexions.app */ = {isa = PBXFileReference; explicitFileType = wrapper.application; includeInIndex = 0; path = Zonnexions.app; sourceTree = BUILT_PRODUCTS_DIR; };
		5382B9451C05C334006AA0D6 /* main.m */ = {isa = PBXFileReference; lastKnownFileType = sourcecode.c.objc; path = main.m; sourceTree = "<group>"; };
		5382B9471C05C334006AA0D6 /* AppDelegate.h */ = {isa = PBXFileReference; lastKnownFileType = sourcecode.c.h; path = AppDelegate.h; sourceTree = "<group>"; };
		5382B9481C05C334006AA0D6 /* AppDelegate.m */ = {isa = PBXFileReference; lastKnownFileType = sourcecode.c.objc; path = AppDelegate.m; sourceTree = "<group>"; };
		5382B94A1C05C334006AA0D6 /* ViewController.h */ = {isa = PBXFileReference; lastKnownFileType = sourcecode.c.h; path = ViewController.h; sourceTree = "<group>"; };
		5382B94B1C05C334006AA0D6 /* ViewController.m */ = {isa = PBXFileReference; lastKnownFileType = sourcecode.c.objc; path = ViewController.m; sourceTree = "<group>"; };
		5382B94E1C05C334006AA0D6 /* Base */ = {isa = PBXFileReference; lastKnownFileType = file.storyboard; name = Base; path = Base.lproj/Main.storyboard; sourceTree = "<group>"; };
		5382B9501C05C334006AA0D6 /* Assets.xcassets */ = {isa = PBXFileReference; lastKnownFileType = folder.assetcatalog; path = Assets.xcassets; sourceTree = "<group>"; };
		5382B9531C05C334006AA0D6 /* Base */ = {isa = PBXFileReference; lastKnownFileType = file.storyboard; name = Base; path = Base.lproj/LaunchScreen.storyboard; sourceTree = "<group>"; };
		5382B9551C05C334006AA0D6 /* Info.plist */ = {isa = PBXFileReference; lastKnownFileType = text.plist.xml; path = Info.plist; sourceTree = "<group>"; };
		5382B95A1C05C334006AA0D6 /* ZonnexionsTests.xctest */ = {isa = PBXFileReference; explicitFileType = wrapper.cfbundle; includeInIndex = 0; path = ZonnexionsTests.xctest; sourceTree = BUILT_PRODUCTS_DIR; };
		5382B95E1C05C334006AA0D6 /* ZonnexionsTests.m */ = {isa = PBXFileReference; lastKnownFileType = sourcecode.c.objc; path = ZonnexionsTests.m; sourceTree = "<group>"; };
		5382B9601C05C334006AA0D6 /* Info.plist */ = {isa = PBXFileReference; lastKnownFileType = text.plist.xml; path = Info.plist; sourceTree = "<group>"; };
		5382B9651C05C334006AA0D6 /* ZonnexionsUITests.xctest */ = {isa = PBXFileReference; explicitFileType = wrapper.cfbundle; includeInIndex = 0; path = ZonnexionsUITests.xctest; sourceTree = BUILT_PRODUCTS_DIR; };
		5382B9691C05C334006AA0D6 /* ZonnexionsUITests.m */ = {isa = PBXFileReference; lastKnownFileType = sourcecode.c.objc; path = ZonnexionsUITests.m; sourceTree = "<group>"; };
		5382B96B1C05C334006AA0D6 /* Info.plist */ = {isa = PBXFileReference; lastKnownFileType = text.plist.xml; path = Info.plist; sourceTree = "<group>"; };
/* End PBXFileReference section */

/* Begin PBXFrameworksBuildPhase section */
		5382B93E1C05C334006AA0D6 /* Frameworks */ = {
			isa = PBXFrameworksBuildPhase;
			buildActionMask = 2147483647;
			files = (
			);
			runOnlyForDeploymentPostprocessing = 0;
		};
		5382B9571C05C334006AA0D6 /* Frameworks */ = {
			isa = PBXFrameworksBuildPhase;
			buildActionMask = 2147483647;
			files = (
			);
			runOnlyForDeploymentPostprocessing = 0;
		};
		5382B9621C05C334006AA0D6 /* Frameworks */ = {
			isa = PBXFrameworksBuildPhase;
			buildActionMask = 2147483647;
			files = (
			);
			runOnlyForDeploymentPostprocessing = 0;
		};
/* End PBXFrameworksBuildPhase section */

/* Begin PBXGroup section */
		5382B9381C05C334006AA0D6 = {
			isa = PBXGroup;
			children = (
				5382B9431C05C334006AA0D6 /* Zonnexions */,
				5382B95D1C05C334006AA0D6 /* ZonnexionsTests */,
				5382B9681C05C334006AA0D6 /* ZonnexionsUITests */,
				5382B9421C05C334006AA0D6 /* Products */,
			);
			sourceTree = "<group>";
		};
		5382B9421C05C334006AA0D6 /* Products */ = {
			isa = PBXGroup;
			children = (
				5382B9411C05C334006AA0D6 /* Zonnexions.app */,
				5382B95A1C05C334006AA0D6 /* ZonnexionsTests.xctest */,
				5382B9651C05C334006AA0D6 /* ZonnexionsUITests.xctest */,
			);
			name = Products;
			sourceTree = "<group>";
		};
		5382B9431C05C334006AA0D6 /* Zonnexions */ = {
			isa = PBXGroup;
			children = (
				5382B9471C05C334006AA0D6 /* AppDelegate.h */,
				5382B9481C05C334006AA0D6 /* AppDelegate.m */,
				5382B94A1C05C334006AA0D6 /* ViewController.h */,
				5382B94B1C05C334006AA0D6 /* ViewController.m */,
				5382B94D1C05C334006AA0D6 /* Main.storyboard */,
				5382B9501C05C334006AA0D6 /* Assets.xcassets */,
				5382B9521C05C334006AA0D6 /* LaunchScreen.storyboard */,
				5382B9551C05C334006AA0D6 /* Info.plist */,
				5382B9441C05C334006AA0D6 /* Supporting Files */,
			);
			path = Zonnexions;
			sourceTree = "<group>";
		};
		5382B9441C05C334006AA0D6 /* Supporting Files */ = {
			isa = PBXGroup;
			children = (
				5382B9451C05C334006AA0D6 /* main.m */,
			);
			name = "Supporting Files";
			sourceTree = "<group>";
		};
		5382B95D1C05C334006AA0D6 /* ZonnexionsTests */ = {
			isa = PBXGroup;
			children = (
				5382B95E1C05C334006AA0D6 /* ZonnexionsTests.m */,
				5382B9601C05C334006AA0D6 /* Info.plist */,
			);
			path = ZonnexionsTests;
			sourceTree = "<group>";
		};
		5382B9681C05C334006AA0D6 /* ZonnexionsUITests */ = {
			isa = PBXGroup;
			children = (
				5382B9691C05C334006AA0D6 /* ZonnexionsUITests.m */,
				5382B96B1C05C334006AA0D6 /* Info.plist */,
			);
			path = ZonnexionsUITests;
			sourceTree = "<group>";
		};
/* End PBXGroup section */

/* Begin PBXNativeTarget section */
		5382B9401C05C334006AA0D6 /* Zonnexions */ = {
			isa = PBXNativeTarget;
			buildConfigurationList = 5382B96E1C05C334006AA0D6 /* Build configuration list for PBXNativeTarget "Zonnexions" */;
			buildPhases = (
				5382B93D1C05C334006AA0D6 /* Sources */,
				5382B93E1C05C334006AA0D6 /* Frameworks */,
				5382B93F1C05C334006AA0D6 /* Resources */,
			);
			buildRules = (
			);
			dependencies = (
			);
			name = Zonnexions;
			productName = Zonnexions;
			productReference = 5382B9411C05C334006AA0D6 /* Zonnexions.app */;
			productType = "com.apple.product-type.application";
		};
		5382B9591C05C334006AA0D6 /* ZonnexionsTests */ = {
			isa = PBXNativeTarget;
			buildConfigurationList = 5382B9711C05C334006AA0D6 /* Build configuration list for PBXNativeTarget "ZonnexionsTests" */;
			buildPhases = (
				5382B9561C05C334006AA0D6 /* Sources */,
				5382B9571C05C334006AA0D6 /* Frameworks */,
				5382B9581C05C334006AA0D6 /* Resources */,
			);
			buildRules = (
			);
			dependencies = (
				5382B95C1C05C334006AA0D6 /* PBXTargetDependency */,
			);
			name = ZonnexionsTests;
			productName = ZonnexionsTests;
			productReference = 5382B95A1C05C334006AA0D6 /* ZonnexionsTests.xctest */;
			productType = "com.apple.product-type.bundle.unit-test";
		};
		5382B9641C05C334006AA0D6 /* ZonnexionsUITests */ = {
			isa = PBXNativeTarget;
			buildConfigurationList = 5382B9741C05C334006AA0D6 /* Build configuration list for PBXNativeTarget "ZonnexionsUITests" */;
			buildPhases = (
				5382B9611C05C334006AA0D6 /* Sources */,
				5382B9621C05C334006AA0D6 /* Frameworks */,
				5382B9631C05C334006AA0D6 /* Resources */,
			);
			buildRules = (
			);
			dependencies = (
				5382B9671C05C334006AA0D6 /* PBXTargetDependency */,
			);
			name = ZonnexionsUITests;
			productName = ZonnexionsUITests;
			productReference = 5382B9651C05C334006AA0D6 /* ZonnexionsUITests.xctest */;
			productType = "com.apple.product-type.bundle.ui-testing";
		};
/* End PBXNativeTarget section */

/* Begin PBXProject section */
		5382B9391C05C334006AA0D6 /* Project object */ = {
			isa = PBXProject;
			attributes = {
				LastUpgradeCheck = 0710;
				ORGANIZATIONNAME = EP;
				TargetAttributes = {
					5382B9401C05C334006AA0D6 = {
						CreatedOnToolsVersion = 7.1.1;
					};
					5382B9591C05C334006AA0D6 = {
						CreatedOnToolsVersion = 7.1.1;
						TestTargetID = 5382B9401C05C334006AA0D6;
					};
					5382B9641C05C334006AA0D6 = {
						CreatedOnToolsVersion = 7.1.1;
						TestTargetID = 5382B9401C05C334006AA0D6;
					};
				};
			};
			buildConfigurationList = 5382B93C1C05C334006AA0D6 /* Build configuration list for PBXProject "Zonnexions" */;
			compatibilityVersion = "Xcode 3.2";
			developmentRegion = English;
			hasScannedForEncodings = 0;
			knownRegions = (
				en,
				Base,
			);
			mainGroup = 5382B9381C05C334006AA0D6;
			productRefGroup = 5382B9421C05C334006AA0D6 /* Products */;
			projectDirPath = "";
			projectRoot = "";
			targets = (
				5382B9401C05C334006AA0D6 /* Zonnexions */,
				5382B9591C05C334006AA0D6 /* ZonnexionsTests */,
				5382B9641C05C334006AA0D6 /* ZonnexionsUITests */,
			);
		};
/* End PBXProject section */

/* Begin PBXResourcesBuildPhase section */
		5382B93F1C05C334006AA0D6 /* Resources */ = {
			isa = PBXResourcesBuildPhase;
			buildActionMask = 2147483647;
			files = (
				5382B9541C05C334006AA0D6 /* LaunchScreen.storyboard in Resources */,
				5382B9511C05C334006AA0D6 /* Assets.xcassets in Resources */,
				5382B94F1C05C334006AA0D6 /* Main.storyboard in Resources */,
			);
			runOnlyForDeploymentPostprocessing = 0;
		};
		5382B9581C05C334006AA0D6 /* Resources */ = {
			isa = PBXResourcesBuildPhase;
			buildActionMask = 2147483647;
			files = (
			);
			runOnlyForDeploymentPostprocessing = 0;
		};
		5382B9631C05C334006AA0D6 /* Resources */ = {
			isa = PBXResourcesBuildPhase;
			buildActionMask = 2147483647;
			files = (
			);
			runOnlyForDeploymentPostprocessing = 0;
		};
/* End PBXResourcesBuildPhase section */

/* Begin PBXSourcesBuildPhase section */
		5382B93D1C05C334006AA0D6 /* Sources */ = {
			isa = PBXSourcesBuildPhase;
			buildActionMask = 2147483647;
			files = (
				5382B94C1C05C334006AA0D6 /* ViewController.m in Sources */,
				5382B9491C05C334006AA0D6 /* AppDelegate.m in Sources */,
				5382B9461C05C334006AA0D6 /* main.m in Sources */,
			);
			runOnlyForDeploymentPostprocessing = 0;
		};
		5382B9561C05C334006AA0D6 /* Sources */ = {
			isa = PBXSourcesBuildPhase;
			buildActionMask = 2147483647;
			files = (
				5382B95F1C05C334006AA0D6 /* ZonnexionsTests.m in Sources */,
			);
			runOnlyForDeploymentPostprocessing = 0;
		};
		5382B9611C05C334006AA0D6 /* Sources */ = {
			isa = PBXSourcesBuildPhase;
			buildActionMask = 2147483647;
			files = (
				5382B96A1C05C334006AA0D6 /* ZonnexionsUITests.m in Sources */,
			);
			runOnlyForDeploymentPostprocessing = 0;
		};
/* End PBXSourcesBuildPhase section */

/* Begin PBXTargetDependency section */
		5382B95C1C05C334006AA0D6 /* PBXTargetDependency */ = {
			isa = PBXTargetDependency;
			target = 5382B9401C05C334006AA0D6 /* Zonnexions */;
			targetProxy = 5382B95B1C05C334006AA0D6 /* PBXContainerItemProxy */;
		};
		5382B9671C05C334006AA0D6 /* PBXTargetDependency */ = {
			isa = PBXTargetDependency;
			target = 5382B9401C05C334006AA0D6 /* Zonnexions */;
			targetProxy = 5382B9661C05C334006AA0D6 /* PBXContainerItemProxy */;
		};
/* End PBXTargetDependency section */

/* Begin PBXVariantGroup section */
		5382B94D1C05C334006AA0D6 /* Main.storyboard */ = {
			isa = PBXVariantGroup;
			children = (
				5382B94E1C05C334006AA0D6 /* Base */,
			);
			name = Main.storyboard;
			sourceTree = "<group>";
		};
		5382B9521C05C334006AA0D6 /* LaunchScreen.storyboard */ = {
			isa = PBXVariantGroup;
			children = (
				5382B9531C05C334006AA0D6 /* Base */,
			);
			name = LaunchScreen.storyboard;
			sourceTree = "<group>";
		};
/* End PBXVariantGroup section */

/* Begin XCBuildConfiguration section */
		5382B96C1C05C334006AA0D6 /* Debug */ = {
			isa = XCBuildConfiguration;
			buildSettings = {
				ALWAYS_SEARCH_USER_PATHS = NO;
				CLANG_CXX_LANGUAGE_STANDARD = "gnu++0x";
				CLANG_CXX_LIBRARY = "libc++";
				CLANG_ENABLE_MODULES = YES;
				CLANG_ENABLE_OBJC_ARC = YES;
				CLANG_WARN_BOOL_CONVERSION = YES;
				CLANG_WARN_CONSTANT_CONVERSION = YES;
				CLANG_WARN_DIRECT_OBJC_ISA_USAGE = YES_ERROR;
				CLANG_WARN_EMPTY_BODY = YES;
				CLANG_WARN_ENUM_CONVERSION = YES;
				CLANG_WARN_INT_CONVERSION = YES;
				CLANG_WARN_OBJC_ROOT_CLASS = YES_ERROR;
				CLANG_WARN_UNREACHABLE_CODE = YES;
				CLANG_WARN__DUPLICATE_METHOD_MATCH = YES;
				"CODE_SIGN_IDENTITY[sdk=iphoneos*]" = "iPhone Developer";
				COPY_PHASE_STRIP = NO;
				DEBUG_INFORMATION_FORMAT = dwarf;
				ENABLE_STRICT_OBJC_MSGSEND = YES;
				ENABLE_TESTABILITY = YES;
				GCC_C_LANGUAGE_STANDARD = gnu99;
				GCC_DYNAMIC_NO_PIC = NO;
				GCC_NO_COMMON_BLOCKS = YES;
				GCC_OPTIMIZATION_LEVEL = 0;
				GCC_PREPROCESSOR_DEFINITIONS = (
					"DEBUG=1",
					"$(inherited)",
				);
				GCC_WARN_64_TO_32_BIT_CONVERSION = YES;
				GCC_WARN_ABOUT_RETURN_TYPE = YES_ERROR;
				GCC_WARN_UNDECLARED_SELECTOR = YES;
				GCC_WARN_UNINITIALIZED_AUTOS = YES_AGGRESSIVE;
				GCC_WARN_UNUSED_FUNCTION = YES;
				GCC_WARN_UNUSED_VARIABLE = YES;
				IPHONEOS_DEPLOYMENT_TARGET = 9.1;
				MTL_ENABLE_DEBUG_INFO = YES;
				ONLY_ACTIVE_ARCH = YES;
				SDKROOT = iphoneos;
				TARGETED_DEVICE_FAMILY = "1,2";
			};
			name = Debug;
		};
		5382B96D1C05C334006AA0D6 /* Release */ = {
			isa = XCBuildConfiguration;
			buildSettings = {
				ALWAYS_SEARCH_USER_PATHS = NO;
				CLANG_CXX_LANGUAGE_STANDARD = "gnu++0x";
				CLANG_CXX_LIBRARY = "libc++";
				CLANG_ENABLE_MODULES = YES;
				CLANG_ENABLE_OBJC_ARC = YES;
				CLANG_WARN_BOOL_CONVERSION = YES;
				CLANG_WARN_CONSTANT_CONVERSION = YES;
				CLANG_WARN_DIRECT_OBJC_ISA_USAGE = YES_ERROR;
				CLANG_WARN_EMPTY_BODY = YES;
				CLANG_WARN_ENUM_CONVERSION = YES;
				CLANG_WARN_INT_CONVERSION = YES;
				CLANG_WARN_OBJC_ROOT_CLASS = YES_ERROR;
				CLANG_WARN_UNREACHABLE_CODE = YES;
				CLANG_WARN__DUPLICATE_METHOD_MATCH = YES;
				"CODE_SIGN_IDENTITY[sdk=iphoneos*]" = "iPhone Developer";
				COPY_PHASE_STRIP = NO;
				DEBUG_INFORMATION_FORMAT = "dwarf-with-dsym";
				ENABLE_NS_ASSERTIONS = NO;
				ENABLE_STRICT_OBJC_MSGSEND = YES;
				GCC_C_LANGUAGE_STANDARD = gnu99;
				GCC_NO_COMMON_BLOCKS = YES;
				GCC_WARN_64_TO_32_BIT_CONVERSION = YES;
				GCC_WARN_ABOUT_RETURN_TYPE = YES_ERROR;
				GCC_WARN_UNDECLARED_SELECTOR = YES;
				GCC_WARN_UNINITIALIZED_AUTOS = YES_AGGRESSIVE;
				GCC_WARN_UNUSED_FUNCTION = YES;
				GCC_WARN_UNUSED_VARIABLE = YES;
				IPHONEOS_DEPLOYMENT_TARGET = 9.1;
				MTL_ENABLE_DEBUG_INFO = NO;
				SDKROOT = iphoneos;
				TARGETED_DEVICE_FAMILY = "1,2";
				VALIDATE_PRODUCT = YES;
			};
			name = Release;
		};
		5382B96F1C05C334006AA0D6 /* Debug */ = {
			isa = XCBuildConfiguration;
			buildSettings = {
				ASSETCATALOG_COMPILER_APPICON_NAME = AppIcon;
				INFOPLIST_FILE = Zonnexions/Info.plist;
				LD_RUNPATH_SEARCH_PATHS = "$(inherited) @executable_path/Frameworks";
				PRODUCT_BUNDLE_IDENTIFIER = com.EP.Zonnexions;
				PRODUCT_NAME = "$(TARGET_NAME)";
			};
			name = Debug;
		};
		5382B9701C05C334006AA0D6 /* Release */ = {
			isa = XCBuildConfiguration;
			buildSettings = {
				ASSETCATALOG_COMPILER_APPICON_NAME = AppIcon;
				INFOPLIST_FILE = Zonnexions/Info.plist;
				LD_RUNPATH_SEARCH_PATHS = "$(inherited) @executable_path/Frameworks";
				PRODUCT_BUNDLE_IDENTIFIER = com.EP.Zonnexions;
				PRODUCT_NAME = "$(TARGET_NAME)";
			};
			name = Release;
		};
		5382B9721C05C334006AA0D6 /* Debug */ = {
			isa = XCBuildConfiguration;
			buildSettings = {
				BUNDLE_LOADER = "$(TEST_HOST)";
				INFOPLIST_FILE = ZonnexionsTests/Info.plist;
				LD_RUNPATH_SEARCH_PATHS = "$(inherited) @executable_path/Frameworks @loader_path/Frameworks";
				PRODUCT_BUNDLE_IDENTIFIER = com.EP.ZonnexionsTests;
				PRODUCT_NAME = "$(TARGET_NAME)";
				TEST_HOST = "$(BUILT_PRODUCTS_DIR)/Zonnexions.app/Zonnexions";
			};
			name = Debug;
		};
		5382B9731C05C334006AA0D6 /* Release */ = {
			isa = XCBuildConfiguration;
			buildSettings = {
				BUNDLE_LOADER = "$(TEST_HOST)";
				INFOPLIST_FILE = ZonnexionsTests/Info.plist;
				LD_RUNPATH_SEARCH_PATHS = "$(inherited) @executable_path/Frameworks @loader_path/Frameworks";
				PRODUCT_BUNDLE_IDENTIFIER = com.EP.ZonnexionsTests;
				PRODUCT_NAME = "$(TARGET_NAME)";
				TEST_HOST = "$(BUILT_PRODUCTS_DIR)/Zonnexions.app/Zonnexions";
			};
			name = Release;
		};
		5382B9751C05C334006AA0D6 /* Debug */ = {
			isa = XCBuildConfiguration;
			buildSettings = {
				INFOPLIST_FILE = ZonnexionsUITests/Info.plist;
				LD_RUNPATH_SEARCH_PATHS = "$(inherited) @executable_path/Frameworks @loader_path/Frameworks";
				PRODUCT_BUNDLE_IDENTIFIER = com.EP.ZonnexionsUITests;
				PRODUCT_NAME = "$(TARGET_NAME)";
				TEST_TARGET_NAME = Zonnexions;
				USES_XCTRUNNER = YES;
			};
			name = Debug;
		};
		5382B9761C05C334006AA0D6 /* Release */ = {
			isa = XCBuildConfiguration;
			buildSettings = {
				INFOPLIST_FILE = ZonnexionsUITests/Info.plist;
				LD_RUNPATH_SEARCH_PATHS = "$(inherited) @executable_path/Frameworks @loader_path/Frameworks";
				PRODUCT_BUNDLE_IDENTIFIER = com.EP.ZonnexionsUITests;
				PRODUCT_NAME = "$(TARGET_NAME)";
				TEST_TARGET_NAME = Zonnexions;
				USES_XCTRUNNER = YES;
			};
			name = Release;
		};
/* End XCBuildConfiguration section */

/* Begin XCConfigurationList section */
		5382B93C1C05C334006AA0D6 /* Build configuration list for PBXProject "Zonnexions" */ = {
			isa = XCConfigurationList;
			buildConfigurations = (
				5382B96C1C05C334006AA0D6 /* Debug */,
				5382B96D1C05C334006AA0D6 /* Release */,
			);
			defaultConfigurationIsVisible = 0;
			defaultConfigurationName = Release;
		};
		5382B96E1C05C334006AA0D6 /* Build configuration list for PBXNativeTarget "Zonnexions" */ = {
			isa = XCConfigurationList;
			buildConfigurations = (
				5382B96F1C05C334006AA0D6 /* Debug */,
				5382B9701C05C334006AA0D6 /* Release */,
			);
			defaultConfigurationIsVisible = 0;
		};
		5382B9711C05C334006AA0D6 /* Build configuration list for PBXNativeTarget "ZonnexionsTests" */ = {
			isa = XCConfigurationList;
			buildConfigurations = (
				5382B9721C05C334006AA0D6 /* Debug */,
				5382B9731C05C334006AA0D6 /* Release */,
			);
			defaultConfigurationIsVisible = 0;
		};
		5382B9741C05C334006AA0D6 /* Build configuration list for PBXNativeTarget "ZonnexionsUITests" */ = {
			isa = XCConfigurationList;
			buildConfigurations = (
				5382B9751C05C334006AA0D6 /* Debug */,
				5382B9761C05C334006AA0D6 /* Release */,
			);
			defaultConfigurationIsVisible = 0;
		};
/* End XCConfigurationList section */
	};
	rootObject = 5382B9391C05C334006AA0D6 /* Project object */;
}
